
Microsoft Visual Studio Solution File, Format Version 12.00
Project("{FAE04EC0-301F-11D3-BF4B-00C04F79EFBC}") = "Our.Umbraco.NodeDefender.Site", "Our.Umbraco.NodeDefender.Site\Our.Umbraco.NodeDefender.Site.csproj", "{D4A423D2-98CC-49CC-ADCC-4CB3CC1232D6}"
EndProject
Project("{FAE04EC0-301F-11D3-BF4B-00C04F79EFBC}") = "Our.Umbraco.NodeDefender", "Our.Umbraco.NodeDefender\Our.Umbraco.NodeDefender.csproj", "{211C00D2-80D1-447D-BCA6-90DDFB96FC32}"
EndProject
Global
	GlobalSection(SolutionConfigurationPlatforms) = preSolution
		Debug|Any CPU = Debug|Any CPU
		Release|Any CPU = Release|Any CPU
	EndGlobalSection
	GlobalSection(ProjectConfigurationPlatforms) = postSolution
		{D4A423D2-98CC-49CC-ADCC-4CB3CC1232D6}.Debug|Any CPU.ActiveCfg = Debug|Any CPU
		{D4A423D2-98CC-49CC-ADCC-4CB3CC1232D6}.Debug|Any CPU.Build.0 = Debug|Any CPU
		{D4A423D2-98CC-49CC-ADCC-4CB3CC1232D6}.Release|Any CPU.ActiveCfg = Release|Any CPU
		{D4A423D2-98CC-49CC-ADCC-4CB3CC1232D6}.Release|Any CPU.Build.0 = Release|Any CPU
		{211C00D2-80D1-447D-BCA6-90DDFB96FC32}.Debug|Any CPU.ActiveCfg = Debug|Any CPU
		{211C00D2-80D1-447D-BCA6-90DDFB96FC32}.Debug|Any CPU.Build.0 = Debug|Any CPU
		{211C00D2-80D1-447D-BCA6-90DDFB96FC32}.Release|Any CPU.ActiveCfg = Release|Any CPU
		{211C00D2-80D1-447D-BCA6-90DDFB96FC32}.Release|Any CPU.Build.0 = Release|Any CPU
	EndGlobalSection
EndGlobal
